// !$*UTF8*$!
{
	archiveVersion = 1;
	classes = {
	};
	objectVersion = 50;
	objects = {

/* Begin PBXBuildFile section */
		0C41998BAB2D41F7DAC77B87 /* Pods_mQoL_Lab.framework in Frameworks */ = {isa = PBXBuildFile; fileRef = ADCEAB8823597AEE575D02EC /* Pods_mQoL_Lab.framework */; };
		861D47B722653199001D1A78 /* StudyConfig.swift in Sources */ = {isa = PBXBuildFile; fileRef = 861D47B622653199001D1A78 /* StudyConfig.swift */; };
		861EE73F223288DF00FB57B3 /* AppDelegate.swift in Sources */ = {isa = PBXBuildFile; fileRef = 861EE73E223288DF00FB57B3 /* AppDelegate.swift */; };
		861EE744223288DF00FB57B3 /* Main.storyboard in Resources */ = {isa = PBXBuildFile; fileRef = 861EE742223288DF00FB57B3 /* Main.storyboard */; };
		861EE746223288E000FB57B3 /* Assets.xcassets in Resources */ = {isa = PBXBuildFile; fileRef = 861EE745223288E000FB57B3 /* Assets.xcassets */; };
		861EE749223288E000FB57B3 /* LaunchScreen.storyboard in Resources */ = {isa = PBXBuildFile; fileRef = 861EE747223288E000FB57B3 /* LaunchScreen.storyboard */; };
		861EE7512232898A00FB57B3 /* LabConsent.swift in Sources */ = {isa = PBXBuildFile; fileRef = 861EE7502232898A00FB57B3 /* LabConsent.swift */; };
		861EE75322328A4E00FB57B3 /* StudyViewController.swift in Sources */ = {isa = PBXBuildFile; fileRef = 861EE75222328A4E00FB57B3 /* StudyViewController.swift */; };
		861EE75522328E7E00FB57B3 /* Switcher.swift in Sources */ = {isa = PBXBuildFile; fileRef = 861EE75422328E7E00FB57B3 /* Switcher.swift */; };
		861EE7572232965100FB57B3 /* StudyHomeViewController.swift in Sources */ = {isa = PBXBuildFile; fileRef = 861EE7562232965100FB57B3 /* StudyHomeViewController.swift */; };
		861EE75C22329AD200FB57B3 /* StudyList.swift in Sources */ = {isa = PBXBuildFile; fileRef = 861EE75B22329AD200FB57B3 /* StudyList.swift */; };
		861EE7602233075700FB57B3 /* OurLab.storyboard in Resources */ = {isa = PBXBuildFile; fileRef = 861EE75F2233075700FB57B3 /* OurLab.storyboard */; };
		861EE76222330A4600FB57B3 /* ListOfStudies.storyboard in Resources */ = {isa = PBXBuildFile; fileRef = 861EE76122330A4600FB57B3 /* ListOfStudies.storyboard */; };
		861EE76422330B8B00FB57B3 /* StudyHome.storyboard in Resources */ = {isa = PBXBuildFile; fileRef = 861EE76322330B8B00FB57B3 /* StudyHome.storyboard */; };
		864039722233A28700209B6E /* StudyCell.swift in Sources */ = {isa = PBXBuildFile; fileRef = 864039712233A28700209B6E /* StudyCell.swift */; };
		864039742233C0B900209B6E /* StudyConsent.swift in Sources */ = {isa = PBXBuildFile; fileRef = 864039732233C0B900209B6E /* StudyConsent.swift */; };
		86403979223CF28000209B6E /* StudyThanks.swift in Sources */ = {isa = PBXBuildFile; fileRef = 86403978223CF28000209B6E /* StudyThanks.swift */; };
		8640397D223D203200209B6E /* Default-568h@2x.png in Resources */ = {isa = PBXBuildFile; fileRef = 8640397C223D203200209B6E /* Default-568h@2x.png */; };
		864039832241293A00209B6E /* MqolUser.swift in Sources */ = {isa = PBXBuildFile; fileRef = 864039822241293A00209B6E /* MqolUser.swift */; };
		864039872241755700209B6E /* SplashScreenViewController.swift in Sources */ = {isa = PBXBuildFile; fileRef = 864039862241755700209B6E /* SplashScreenViewController.swift */; };
		864039892241799400209B6E /* ParseController.swift in Sources */ = {isa = PBXBuildFile; fileRef = 864039882241799400209B6E /* ParseController.swift */; };
		8691AC12224FE4A50077EA6C /* Study.swift in Sources */ = {isa = PBXBuildFile; fileRef = 8691AC11224FE4A50077EA6C /* Study.swift */; };
		8691AC212250F56F0077EA6C /* LabThanks.swift in Sources */ = {isa = PBXBuildFile; fileRef = 8691AC202250F56F0077EA6C /* LabThanks.swift */; };
		8691AC252250F6ED0077EA6C /* StudyWelcome.swift in Sources */ = {isa = PBXBuildFile; fileRef = 8691AC242250F6ED0077EA6C /* StudyWelcome.swift */; };
		8691AC27225117520077EA6C /* AnsweringSurveys.swift in Sources */ = {isa = PBXBuildFile; fileRef = 8691AC26225117520077EA6C /* AnsweringSurveys.swift */; };
		8691AC29225146DA0077EA6C /* DataCollection.swift in Sources */ = {isa = PBXBuildFile; fileRef = 8691AC28225146DA0077EA6C /* DataCollection.swift */; };
		8691AC2B2251489B0077EA6C /* DataProtection.swift in Sources */ = {isa = PBXBuildFile; fileRef = 8691AC2A2251489B0077EA6C /* DataProtection.swift */; };
		8691AC2D225149C30077EA6C /* WhatToExpect.swift in Sources */ = {isa = PBXBuildFile; fileRef = 8691AC2C225149C30077EA6C /* WhatToExpect.swift */; };
		8691AC2F22514B2D0077EA6C /* ParticipantsRights.swift in Sources */ = {isa = PBXBuildFile; fileRef = 8691AC2E22514B2D0077EA6C /* ParticipantsRights.swift */; };
		8691AC3122514C6B0077EA6C /* RiskAndBenefits.swift in Sources */ = {isa = PBXBuildFile; fileRef = 8691AC3022514C6B0077EA6C /* RiskAndBenefits.swift */; };
		86BA7F69225372BB0054D17D /* EnStrings.swift in Sources */ = {isa = PBXBuildFile; fileRef = 86BA7F68225372BB0054D17D /* EnStrings.swift */; };
		86BA7F6B225372CA0054D17D /* FrStrings.swift in Sources */ = {isa = PBXBuildFile; fileRef = 86BA7F6A225372CA0054D17D /* FrStrings.swift */; };
		86BA7F6D2253762D0054D17D /* LabInto.swift in Sources */ = {isa = PBXBuildFile; fileRef = 86BA7F6C2253762D0054D17D /* LabInto.swift */; };
		86BA7F6F22538D6B0054D17D /* AboutTheStudies.swift in Sources */ = {isa = PBXBuildFile; fileRef = 86BA7F6E22538D6B0054D17D /* AboutTheStudies.swift */; };
		86FE8C442260A9BD004A357C /* readPDF.swift in Sources */ = {isa = PBXBuildFile; fileRef = 86FE8C432260A9BC004A357C /* readPDF.swift */; };
		86FE8C462264C0FB004A357C /* StudyUser.swift in Sources */ = {isa = PBXBuildFile; fileRef = 86FE8C452264C0FB004A357C /* StudyUser.swift */; };
/* End PBXBuildFile section */

/* Begin PBXFileReference section */
		861D47B622653199001D1A78 /* StudyConfig.swift */ = {isa = PBXFileReference; lastKnownFileType = sourcecode.swift; path = StudyConfig.swift; sourceTree = "<group>"; };
		861EE73B223288DF00FB57B3 /* mQoL Lab.app */ = {isa = PBXFileReference; explicitFileType = wrapper.application; includeInIndex = 0; path = "mQoL Lab.app"; sourceTree = BUILT_PRODUCTS_DIR; };
		861EE73E223288DF00FB57B3 /* AppDelegate.swift */ = {isa = PBXFileReference; lastKnownFileType = sourcecode.swift; path = AppDelegate.swift; sourceTree = "<group>"; };
		861EE743223288DF00FB57B3 /* Base */ = {isa = PBXFileReference; lastKnownFileType = file.storyboard; name = Base; path = Base.lproj/Main.storyboard; sourceTree = "<group>"; };
		861EE745223288E000FB57B3 /* Assets.xcassets */ = {isa = PBXFileReference; lastKnownFileType = folder.assetcatalog; path = Assets.xcassets; sourceTree = "<group>"; };
		861EE748223288E000FB57B3 /* Base */ = {isa = PBXFileReference; lastKnownFileType = file.storyboard; name = Base; path = Base.lproj/LaunchScreen.storyboard; sourceTree = "<group>"; };
		861EE74A223288E000FB57B3 /* Info.plist */ = {isa = PBXFileReference; lastKnownFileType = text.plist.xml; path = Info.plist; sourceTree = "<group>"; };
		861EE7502232898A00FB57B3 /* LabConsent.swift */ = {isa = PBXFileReference; lastKnownFileType = sourcecode.swift; path = LabConsent.swift; sourceTree = "<group>"; };
		861EE75222328A4E00FB57B3 /* StudyViewController.swift */ = {isa = PBXFileReference; lastKnownFileType = sourcecode.swift; path = StudyViewController.swift; sourceTree = "<group>"; };
		861EE75422328E7E00FB57B3 /* Switcher.swift */ = {isa = PBXFileReference; lastKnownFileType = sourcecode.swift; path = Switcher.swift; sourceTree = "<group>"; };
		861EE7562232965100FB57B3 /* StudyHomeViewController.swift */ = {isa = PBXFileReference; lastKnownFileType = sourcecode.swift; path = StudyHomeViewController.swift; sourceTree = "<group>"; };
		861EE75B22329AD200FB57B3 /* StudyList.swift */ = {isa = PBXFileReference; lastKnownFileType = sourcecode.swift; path = StudyList.swift; sourceTree = "<group>"; };
		861EE75F2233075700FB57B3 /* OurLab.storyboard */ = {isa = PBXFileReference; lastKnownFileType = file.storyboard; path = OurLab.storyboard; sourceTree = "<group>"; };
		861EE76122330A4600FB57B3 /* ListOfStudies.storyboard */ = {isa = PBXFileReference; lastKnownFileType = file.storyboard; path = ListOfStudies.storyboard; sourceTree = "<group>"; };
		861EE76322330B8B00FB57B3 /* StudyHome.storyboard */ = {isa = PBXFileReference; lastKnownFileType = file.storyboard; path = StudyHome.storyboard; sourceTree = "<group>"; };
		864039712233A28700209B6E /* StudyCell.swift */ = {isa = PBXFileReference; lastKnownFileType = sourcecode.swift; path = StudyCell.swift; sourceTree = "<group>"; };
		864039732233C0B900209B6E /* StudyConsent.swift */ = {isa = PBXFileReference; lastKnownFileType = sourcecode.swift; path = StudyConsent.swift; sourceTree = "<group>"; };
		86403978223CF28000209B6E /* StudyThanks.swift */ = {isa = PBXFileReference; lastKnownFileType = sourcecode.swift; path = StudyThanks.swift; sourceTree = "<group>"; };
		8640397C223D203200209B6E /* Default-568h@2x.png */ = {isa = PBXFileReference; lastKnownFileType = image.png; path = "Default-568h@2x.png"; sourceTree = "<group>"; };
		864039822241293A00209B6E /* MqolUser.swift */ = {isa = PBXFileReference; lastKnownFileType = sourcecode.swift; name = MqolUser.swift; path = ../../../../../Documents/MqolUser.swift; sourceTree = "<group>"; };
		864039862241755700209B6E /* SplashScreenViewController.swift */ = {isa = PBXFileReference; lastKnownFileType = sourcecode.swift; name = SplashScreenViewController.swift; path = ../../../../Documents/SplashScreenViewController.swift; sourceTree = "<group>"; };
		864039882241799400209B6E /* ParseController.swift */ = {isa = PBXFileReference; lastKnownFileType = sourcecode.swift; name = ParseController.swift; path = ../../../../../Documents/ParseController.swift; sourceTree = "<group>"; };
		8691AC11224FE4A50077EA6C /* Study.swift */ = {isa = PBXFileReference; lastKnownFileType = sourcecode.swift; path = Study.swift; sourceTree = "<group>"; };
		8691AC202250F56F0077EA6C /* LabThanks.swift */ = {isa = PBXFileReference; lastKnownFileType = sourcecode.swift; path = LabThanks.swift; sourceTree = "<group>"; };
		8691AC242250F6ED0077EA6C /* StudyWelcome.swift */ = {isa = PBXFileReference; lastKnownFileType = sourcecode.swift; path = StudyWelcome.swift; sourceTree = "<group>"; };
		8691AC26225117520077EA6C /* AnsweringSurveys.swift */ = {isa = PBXFileReference; lastKnownFileType = sourcecode.swift; path = AnsweringSurveys.swift; sourceTree = "<group>"; };
		8691AC28225146DA0077EA6C /* DataCollection.swift */ = {isa = PBXFileReference; lastKnownFileType = sourcecode.swift; path = DataCollection.swift; sourceTree = "<group>"; };
		8691AC2A2251489B0077EA6C /* DataProtection.swift */ = {isa = PBXFileReference; lastKnownFileType = sourcecode.swift; path = DataProtection.swift; sourceTree = "<group>"; };
		8691AC2C225149C30077EA6C /* WhatToExpect.swift */ = {isa = PBXFileReference; lastKnownFileType = sourcecode.swift; path = WhatToExpect.swift; sourceTree = "<group>"; };
		8691AC2E22514B2D0077EA6C /* ParticipantsRights.swift */ = {isa = PBXFileReference; lastKnownFileType = sourcecode.swift; path = ParticipantsRights.swift; sourceTree = "<group>"; };
		8691AC3022514C6B0077EA6C /* RiskAndBenefits.swift */ = {isa = PBXFileReference; lastKnownFileType = sourcecode.swift; path = RiskAndBenefits.swift; sourceTree = "<group>"; };
		86BA7F68225372BB0054D17D /* EnStrings.swift */ = {isa = PBXFileReference; lastKnownFileType = sourcecode.swift; path = EnStrings.swift; sourceTree = "<group>"; };
		86BA7F6A225372CA0054D17D /* FrStrings.swift */ = {isa = PBXFileReference; lastKnownFileType = sourcecode.swift; path = FrStrings.swift; sourceTree = "<group>"; };
		86BA7F6C2253762D0054D17D /* LabInto.swift */ = {isa = PBXFileReference; lastKnownFileType = sourcecode.swift; path = LabInto.swift; sourceTree = "<group>"; };
		86BA7F6E22538D6B0054D17D /* AboutTheStudies.swift */ = {isa = PBXFileReference; lastKnownFileType = sourcecode.swift; path = AboutTheStudies.swift; sourceTree = "<group>"; };
		86FE8C432260A9BC004A357C /* readPDF.swift */ = {isa = PBXFileReference; lastKnownFileType = sourcecode.swift; path = readPDF.swift; sourceTree = "<group>"; };
		86FE8C452264C0FB004A357C /* StudyUser.swift */ = {isa = PBXFileReference; lastKnownFileType = sourcecode.swift; path = StudyUser.swift; sourceTree = "<group>"; };
		A1DF7154F88C55FFF0699203 /* Pods-mQoL Lab.release.xcconfig */ = {isa = PBXFileReference; includeInIndex = 1; lastKnownFileType = text.xcconfig; name = "Pods-mQoL Lab.release.xcconfig"; path = "Pods/Target Support Files/Pods-mQoL Lab/Pods-mQoL Lab.release.xcconfig"; sourceTree = "<group>"; };
		ADCEAB8823597AEE575D02EC /* Pods_mQoL_Lab.framework */ = {isa = PBXFileReference; explicitFileType = wrapper.framework; includeInIndex = 0; path = Pods_mQoL_Lab.framework; sourceTree = BUILT_PRODUCTS_DIR; };
		CDBB46C3E83F3A5F014BE4F2 /* Pods-mQoL Lab.debug.xcconfig */ = {isa = PBXFileReference; includeInIndex = 1; lastKnownFileType = text.xcconfig; name = "Pods-mQoL Lab.debug.xcconfig"; path = "Pods/Target Support Files/Pods-mQoL Lab/Pods-mQoL Lab.debug.xcconfig"; sourceTree = "<group>"; };
/* End PBXFileReference section */

/* Begin PBXFrameworksBuildPhase section */
		861EE738223288DF00FB57B3 /* Frameworks */ = {
			isa = PBXFrameworksBuildPhase;
			buildActionMask = 2147483647;
			files = (
				0C41998BAB2D41F7DAC77B87 /* Pods_mQoL_Lab.framework in Frameworks */,
			);
			runOnlyForDeploymentPostprocessing = 0;
		};
/* End PBXFrameworksBuildPhase section */

/* Begin PBXGroup section */
		51E0CD87441E6A8FBE014BD5 /* Pods */ = {
			isa = PBXGroup;
			children = (
				CDBB46C3E83F3A5F014BE4F2 /* Pods-mQoL Lab.debug.xcconfig */,
				A1DF7154F88C55FFF0699203 /* Pods-mQoL Lab.release.xcconfig */,
			);
			name = Pods;
			sourceTree = "<group>";
		};
		861EE732223288DF00FB57B3 = {
			isa = PBXGroup;
			children = (
				8640397C223D203200209B6E /* Default-568h@2x.png */,
				861EE73D223288DF00FB57B3 /* mQoL Lab */,
				861EE73C223288DF00FB57B3 /* Products */,
				51E0CD87441E6A8FBE014BD5 /* Pods */,
				D65722957547DA577D9B613A /* Frameworks */,
			);
			sourceTree = "<group>";
		};
		861EE73C223288DF00FB57B3 /* Products */ = {
			isa = PBXGroup;
			children = (
				861EE73B223288DF00FB57B3 /* mQoL Lab.app */,
			);
			name = Products;
			sourceTree = "<group>";
		};
		861EE73D223288DF00FB57B3 /* mQoL Lab */ = {
			isa = PBXGroup;
			children = (
				864039762237ABB400209B6E /* Model */,
				861EE76522330BF400FB57B3 /* View */,
				864039752237AB9E00209B6E /* Controller */,
				861EE73E223288DF00FB57B3 /* AppDelegate.swift */,
				861EE745223288E000FB57B3 /* Assets.xcassets */,
				861EE74A223288E000FB57B3 /* Info.plist */,
			);
			path = "mQoL Lab";
			sourceTree = "<group>";
		};
		861EE76522330BF400FB57B3 /* View */ = {
			isa = PBXGroup;
			children = (
				861EE747223288E000FB57B3 /* LaunchScreen.storyboard */,
				861EE742223288DF00FB57B3 /* Main.storyboard */,
				861EE75F2233075700FB57B3 /* OurLab.storyboard */,
				861EE76122330A4600FB57B3 /* ListOfStudies.storyboard */,
				861EE76322330B8B00FB57B3 /* StudyHome.storyboard */,
			);
			path = View;
			sourceTree = "<group>";
		};
		864039752237AB9E00209B6E /* Controller */ = {
			isa = PBXGroup;
			children = (
				8691AC232250F6270077EA6C /* Study Home */,
				8691AC222250F6140077EA6C /* Study List */,
				8691AC152250F41A0077EA6C /* Our Lab */,
				864039862241755700209B6E /* SplashScreenViewController.swift */,
				864039772237ABD500209B6E /* Helpers */,
			);
			path = Controller;
			sourceTree = "<group>";
		};
		864039762237ABB400209B6E /* Model */ = {
			isa = PBXGroup;
			children = (
				8691AC10224FE48E0077EA6C /* Study */,
				864039812241291B00209B6E /* Users */,
				864039712233A28700209B6E /* StudyCell.swift */,
				86BA7F68225372BB0054D17D /* EnStrings.swift */,
				86BA7F6A225372CA0054D17D /* FrStrings.swift */,
			);
			path = Model;
			sourceTree = "<group>";
		};
		864039772237ABD500209B6E /* Helpers */ = {
			isa = PBXGroup;
			children = (
				861EE75422328E7E00FB57B3 /* Switcher.swift */,
				864039882241799400209B6E /* ParseController.swift */,
			);
			path = Helpers;
			sourceTree = "<group>";
		};
		864039812241291B00209B6E /* Users */ = {
			isa = PBXGroup;
			children = (
				864039822241293A00209B6E /* MqolUser.swift */,
				86FE8C452264C0FB004A357C /* StudyUser.swift */,
			);
			path = Users;
			sourceTree = "<group>";
		};
		8691AC10224FE48E0077EA6C /* Study */ = {
			isa = PBXGroup;
			children = (
				8691AC11224FE4A50077EA6C /* Study.swift */,
				861D47B622653199001D1A78 /* StudyConfig.swift */,
			);
			path = Study;
			sourceTree = "<group>";
		};
		8691AC152250F41A0077EA6C /* Our Lab */ = {
			isa = PBXGroup;
			children = (
				861EE7502232898A00FB57B3 /* LabConsent.swift */,
				8691AC202250F56F0077EA6C /* LabThanks.swift */,
				86BA7F6C2253762D0054D17D /* LabInto.swift */,
				86BA7F6E22538D6B0054D17D /* AboutTheStudies.swift */,
			);
			path = "Our Lab";
			sourceTree = "<group>";
		};
		8691AC222250F6140077EA6C /* Study List */ = {
			isa = PBXGroup;
			children = (
				864039732233C0B900209B6E /* StudyConsent.swift */,
				86403978223CF28000209B6E /* StudyThanks.swift */,
				861EE75B22329AD200FB57B3 /* StudyList.swift */,
				8691AC242250F6ED0077EA6C /* StudyWelcome.swift */,
				8691AC26225117520077EA6C /* AnsweringSurveys.swift */,
				8691AC28225146DA0077EA6C /* DataCollection.swift */,
				8691AC2A2251489B0077EA6C /* DataProtection.swift */,
				8691AC2C225149C30077EA6C /* WhatToExpect.swift */,
				8691AC2E22514B2D0077EA6C /* ParticipantsRights.swift */,
				8691AC3022514C6B0077EA6C /* RiskAndBenefits.swift */,
				86FE8C432260A9BC004A357C /* readPDF.swift */,
			);
			path = "Study List";
			sourceTree = "<group>";
		};
		8691AC232250F6270077EA6C /* Study Home */ = {
			isa = PBXGroup;
			children = (
				861EE75222328A4E00FB57B3 /* StudyViewController.swift */,
				861EE7562232965100FB57B3 /* StudyHomeViewController.swift */,
			);
			path = "Study Home";
			sourceTree = "<group>";
		};
		D65722957547DA577D9B613A /* Frameworks */ = {
			isa = PBXGroup;
			children = (
				ADCEAB8823597AEE575D02EC /* Pods_mQoL_Lab.framework */,
			);
			name = Frameworks;
			sourceTree = "<group>";
		};
/* End PBXGroup section */

/* Begin PBXNativeTarget section */
		861EE73A223288DF00FB57B3 /* mQoL Lab */ = {
			isa = PBXNativeTarget;
			buildConfigurationList = 861EE74D223288E000FB57B3 /* Build configuration list for PBXNativeTarget "mQoL Lab" */;
			buildPhases = (
				1F7589AE095064BC296F2840 /* [CP] Check Pods Manifest.lock */,
				861EE737223288DF00FB57B3 /* Sources */,
				861EE738223288DF00FB57B3 /* Frameworks */,
				861EE739223288DF00FB57B3 /* Resources */,
				448A0945B4C9D6DDEF3D1BF6 /* [CP] Embed Pods Frameworks */,
			);
			buildRules = (
			);
			dependencies = (
			);
			name = "mQoL Lab";
			productName = "mQoL Lab 1";
			productReference = 861EE73B223288DF00FB57B3 /* mQoL Lab.app */;
			productType = "com.apple.product-type.application";
		};
/* End PBXNativeTarget section */

/* Begin PBXProject section */
		861EE733223288DF00FB57B3 /* Project object */ = {
			isa = PBXProject;
			attributes = {
				LastSwiftUpdateCheck = 1010;
				LastUpgradeCheck = 1010;
				ORGANIZATIONNAME = FBS;
				TargetAttributes = {
					861EE73A223288DF00FB57B3 = {
						CreatedOnToolsVersion = 10.1;
						LastSwiftMigration = 1020;
					};
				};
			};
			buildConfigurationList = 861EE736223288DF00FB57B3 /* Build configuration list for PBXProject "mQoL Lab" */;
			compatibilityVersion = "Xcode 9.3";
			developmentRegion = en;
			hasScannedForEncodings = 0;
			knownRegions = (
				en,
				Base,
			);
			mainGroup = 861EE732223288DF00FB57B3;
			productRefGroup = 861EE73C223288DF00FB57B3 /* Products */;
			projectDirPath = "";
			projectRoot = "";
			targets = (
				861EE73A223288DF00FB57B3 /* mQoL Lab */,
			);
		};
/* End PBXProject section */

/* Begin PBXResourcesBuildPhase section */
		861EE739223288DF00FB57B3 /* Resources */ = {
			isa = PBXResourcesBuildPhase;
			buildActionMask = 2147483647;
			files = (
				861EE749223288E000FB57B3 /* LaunchScreen.storyboard in Resources */,
				861EE7602233075700FB57B3 /* OurLab.storyboard in Resources */,
				861EE76222330A4600FB57B3 /* ListOfStudies.storyboard in Resources */,
				861EE76422330B8B00FB57B3 /* StudyHome.storyboard in Resources */,
				861EE746223288E000FB57B3 /* Assets.xcassets in Resources */,
				8640397D223D203200209B6E /* Default-568h@2x.png in Resources */,
				861EE744223288DF00FB57B3 /* Main.storyboard in Resources */,
			);
			runOnlyForDeploymentPostprocessing = 0;
		};
/* End PBXResourcesBuildPhase section */

/* Begin PBXShellScriptBuildPhase section */
		1F7589AE095064BC296F2840 /* [CP] Check Pods Manifest.lock */ = {
			isa = PBXShellScriptBuildPhase;
			buildActionMask = 2147483647;
			files = (
			);
			inputFileListPaths = (
			);
			inputPaths = (
				"${PODS_PODFILE_DIR_PATH}/Podfile.lock",
				"${PODS_ROOT}/Manifest.lock",
			);
			name = "[CP] Check Pods Manifest.lock";
			outputFileListPaths = (
			);
			outputPaths = (
				"$(DERIVED_FILE_DIR)/Pods-mQoL Lab-checkManifestLockResult.txt",
			);
			runOnlyForDeploymentPostprocessing = 0;
			shellPath = /bin/sh;
			shellScript = "diff \"${PODS_PODFILE_DIR_PATH}/Podfile.lock\" \"${PODS_ROOT}/Manifest.lock\" > /dev/null\nif [ $? != 0 ] ; then\n    # print error to STDERR\n    echo \"error: The sandbox is not in sync with the Podfile.lock. Run 'pod install' or update your CocoaPods installation.\" >&2\n    exit 1\nfi\n# This output is used by Xcode 'outputs' to avoid re-running this script phase.\necho \"SUCCESS\" > \"${SCRIPT_OUTPUT_FILE_0}\"\n";
			showEnvVarsInLog = 0;
		};
		448A0945B4C9D6DDEF3D1BF6 /* [CP] Embed Pods Frameworks */ = {
			isa = PBXShellScriptBuildPhase;
			buildActionMask = 2147483647;
			files = (
			);
			inputFileListPaths = (
			);
			inputPaths = (
				"${SRCROOT}/Pods/Target Support Files/Pods-mQoL Lab/Pods-mQoL Lab-frameworks.sh",
				"${BUILT_PRODUCTS_DIR}/Bolts/Bolts.framework",
				"${BUILT_PRODUCTS_DIR}/JGProgressHUD/JGProgressHUD.framework",
				"${BUILT_PRODUCTS_DIR}/Parse/Parse.framework",
			);
			name = "[CP] Embed Pods Frameworks";
			outputFileListPaths = (
			);
			outputPaths = (
				"${TARGET_BUILD_DIR}/${FRAMEWORKS_FOLDER_PATH}/Bolts.framework",
				"${TARGET_BUILD_DIR}/${FRAMEWORKS_FOLDER_PATH}/JGProgressHUD.framework",
				"${TARGET_BUILD_DIR}/${FRAMEWORKS_FOLDER_PATH}/Parse.framework",
			);
			runOnlyForDeploymentPostprocessing = 0;
			shellPath = /bin/sh;
			shellScript = "\"${SRCROOT}/Pods/Target Support Files/Pods-mQoL Lab/Pods-mQoL Lab-frameworks.sh\"\n";
			showEnvVarsInLog = 0;
		};
/* End PBXShellScriptBuildPhase section */

/* Begin PBXSourcesBuildPhase section */
		861EE737223288DF00FB57B3 /* Sources */ = {
			isa = PBXSourcesBuildPhase;
			buildActionMask = 2147483647;
			files = (
				8691AC27225117520077EA6C /* AnsweringSurveys.swift in Sources */,
				8691AC29225146DA0077EA6C /* DataCollection.swift in Sources */,
				8691AC12224FE4A50077EA6C /* Study.swift in Sources */,
				861EE75522328E7E00FB57B3 /* Switcher.swift in Sources */,
				864039832241293A00209B6E /* MqolUser.swift in Sources */,
				864039742233C0B900209B6E /* StudyConsent.swift in Sources */,
				864039872241755700209B6E /* SplashScreenViewController.swift in Sources */,
				8691AC2D225149C30077EA6C /* WhatToExpect.swift in Sources */,
				861EE7572232965100FB57B3 /* StudyHomeViewController.swift in Sources */,
				86BA7F6D2253762D0054D17D /* LabInto.swift in Sources */,
				8691AC252250F6ED0077EA6C /* StudyWelcome.swift in Sources */,
				864039722233A28700209B6E /* StudyCell.swift in Sources */,
				861EE7512232898A00FB57B3 /* LabConsent.swift in Sources */,
				861EE75322328A4E00FB57B3 /* StudyViewController.swift in Sources */,
				8691AC212250F56F0077EA6C /* LabThanks.swift in Sources */,
				861EE73F223288DF00FB57B3 /* AppDelegate.swift in Sources */,
				86FE8C442260A9BD004A357C /* readPDF.swift in Sources */,
				86BA7F6B225372CA0054D17D /* FrStrings.swift in Sources */,
				86403979223CF28000209B6E /* StudyThanks.swift in Sources */,
				861D47B722653199001D1A78 /* StudyConfig.swift in Sources */,
				861EE75C22329AD200FB57B3 /* StudyList.swift in Sources */,
				86BA7F6F22538D6B0054D17D /* AboutTheStudies.swift in Sources */,
				8691AC2B2251489B0077EA6C /* DataProtection.swift in Sources */,
				86FE8C462264C0FB004A357C /* StudyUser.swift in Sources */,
				8691AC2F22514B2D0077EA6C /* ParticipantsRights.swift in Sources */,
				86BA7F69225372BB0054D17D /* EnStrings.swift in Sources */,
				8691AC3122514C6B0077EA6C /* RiskAndBenefits.swift in Sources */,
				864039892241799400209B6E /* ParseController.swift in Sources */,
			);
			runOnlyForDeploymentPostprocessing = 0;
		};
/* End PBXSourcesBuildPhase section */

/* Begin PBXVariantGroup section */
		861EE742223288DF00FB57B3 /* Main.storyboard */ = {
			isa = PBXVariantGroup;
			children = (
				861EE743223288DF00FB57B3 /* Base */,
			);
			name = Main.storyboard;
			sourceTree = "<group>";
		};
		861EE747223288E000FB57B3 /* LaunchScreen.storyboard */ = {
			isa = PBXVariantGroup;
			children = (
				861EE748223288E000FB57B3 /* Base */,
			);
			name = LaunchScreen.storyboard;
			sourceTree = "<group>";
		};
/* End PBXVariantGroup section */

/* Begin XCBuildConfiguration section */
		861EE74B223288E000FB57B3 /* Debug */ = {
			isa = XCBuildConfiguration;
			buildSettings = {
				ALWAYS_SEARCH_USER_PATHS = NO;
				CLANG_ANALYZER_NONNULL = YES;
				CLANG_ANALYZER_NUMBER_OBJECT_CONVERSION = YES_AGGRESSIVE;
				CLANG_CXX_LANGUAGE_STANDARD = "gnu++14";
				CLANG_CXX_LIBRARY = "libc++";
				CLANG_ENABLE_MODULES = YES;
				CLANG_ENABLE_OBJC_ARC = YES;
				CLANG_ENABLE_OBJC_WEAK = YES;
				CLANG_WARN_BLOCK_CAPTURE_AUTORELEASING = YES;
				CLANG_WARN_BOOL_CONVERSION = YES;
				CLANG_WARN_COMMA = YES;
				CLANG_WARN_CONSTANT_CONVERSION = YES;
				CLANG_WARN_DEPRECATED_OBJC_IMPLEMENTATIONS = YES;
				CLANG_WARN_DIRECT_OBJC_ISA_USAGE = YES_ERROR;
				CLANG_WARN_DOCUMENTATION_COMMENTS = YES;
				CLANG_WARN_EMPTY_BODY = YES;
				CLANG_WARN_ENUM_CONVERSION = YES;
				CLANG_WARN_INFINITE_RECURSION = YES;
				CLANG_WARN_INT_CONVERSION = YES;
				CLANG_WARN_NON_LITERAL_NULL_CONVERSION = YES;
				CLANG_WARN_OBJC_IMPLICIT_RETAIN_SELF = YES;
				CLANG_WARN_OBJC_LITERAL_CONVERSION = YES;
				CLANG_WARN_OBJC_ROOT_CLASS = YES_ERROR;
				CLANG_WARN_RANGE_LOOP_ANALYSIS = YES;
				CLANG_WARN_STRICT_PROTOTYPES = YES;
				CLANG_WARN_SUSPICIOUS_MOVE = YES;
				CLANG_WARN_UNGUARDED_AVAILABILITY = YES_AGGRESSIVE;
				CLANG_WARN_UNREACHABLE_CODE = YES;
				CLANG_WARN__DUPLICATE_METHOD_MATCH = YES;
				CODE_SIGN_IDENTITY = "iPhone Developer";
				COPY_PHASE_STRIP = NO;
				DEBUG_INFORMATION_FORMAT = dwarf;
				ENABLE_STRICT_OBJC_MSGSEND = YES;
				ENABLE_TESTABILITY = YES;
				GCC_C_LANGUAGE_STANDARD = gnu11;
				GCC_DYNAMIC_NO_PIC = NO;
				GCC_NO_COMMON_BLOCKS = YES;
				GCC_OPTIMIZATION_LEVEL = 0;
				GCC_PREPROCESSOR_DEFINITIONS = (
					"DEBUG=1",
					"$(inherited)",
				);
				GCC_WARN_64_TO_32_BIT_CONVERSION = YES;
				GCC_WARN_ABOUT_RETURN_TYPE = YES_ERROR;
				GCC_WARN_UNDECLARED_SELECTOR = YES;
				GCC_WARN_UNINITIALIZED_AUTOS = YES_AGGRESSIVE;
				GCC_WARN_UNUSED_FUNCTION = YES;
				GCC_WARN_UNUSED_VARIABLE = YES;
				IPHONEOS_DEPLOYMENT_TARGET = 12.1;
				MTL_ENABLE_DEBUG_INFO = INCLUDE_SOURCE;
				MTL_FAST_MATH = YES;
				ONLY_ACTIVE_ARCH = YES;
				SDKROOT = iphoneos;
				SWIFT_ACTIVE_COMPILATION_CONDITIONS = DEBUG;
				SWIFT_OPTIMIZATION_LEVEL = "-Onone";
			};
			name = Debug;
		};
		861EE74C223288E000FB57B3 /* Release */ = {
			isa = XCBuildConfiguration;
			buildSettings = {
				ALWAYS_SEARCH_USER_PATHS = NO;
				CLANG_ANALYZER_NONNULL = YES;
				CLANG_ANALYZER_NUMBER_OBJECT_CONVERSION = YES_AGGRESSIVE;
				CLANG_CXX_LANGUAGE_STANDARD = "gnu++14";
				CLANG_CXX_LIBRARY = "libc++";
				CLANG_ENABLE_MODULES = YES;
				CLANG_ENABLE_OBJC_ARC = YES;
				CLANG_ENABLE_OBJC_WEAK = YES;
				CLANG_WARN_BLOCK_CAPTURE_AUTORELEASING = YES;
				CLANG_WARN_BOOL_CONVERSION = YES;
				CLANG_WARN_COMMA = YES;
				CLANG_WARN_CONSTANT_CONVERSION = YES;
				CLANG_WARN_DEPRECATED_OBJC_IMPLEMENTATIONS = YES;
				CLANG_WARN_DIRECT_OBJC_ISA_USAGE = YES_ERROR;
				CLANG_WARN_DOCUMENTATION_COMMENTS = YES;
				CLANG_WARN_EMPTY_BODY = YES;
				CLANG_WARN_ENUM_CONVERSION = YES;
				CLANG_WARN_INFINITE_RECURSION = YES;
				CLANG_WARN_INT_CONVERSION = YES;
				CLANG_WARN_NON_LITERAL_NULL_CONVERSION = YES;
				CLANG_WARN_OBJC_IMPLICIT_RETAIN_SELF = YES;
				CLANG_WARN_OBJC_LITERAL_CONVERSION = YES;
				CLANG_WARN_OBJC_ROOT_CLASS = YES_ERROR;
				CLANG_WARN_RANGE_LOOP_ANALYSIS = YES;
				CLANG_WARN_STRICT_PROTOTYPES = YES;
				CLANG_WARN_SUSPICIOUS_MOVE = YES;
				CLANG_WARN_UNGUARDED_AVAILABILITY = YES_AGGRESSIVE;
				CLANG_WARN_UNREACHABLE_CODE = YES;
				CLANG_WARN__DUPLICATE_METHOD_MATCH = YES;
				CODE_SIGN_IDENTITY = "iPhone Developer";
				COPY_PHASE_STRIP = NO;
				DEBUG_INFORMATION_FORMAT = "dwarf-with-dsym";
				ENABLE_NS_ASSERTIONS = NO;
				ENABLE_STRICT_OBJC_MSGSEND = YES;
				GCC_C_LANGUAGE_STANDARD = gnu11;
				GCC_NO_COMMON_BLOCKS = YES;
				GCC_WARN_64_TO_32_BIT_CONVERSION = YES;
				GCC_WARN_ABOUT_RETURN_TYPE = YES_ERROR;
				GCC_WARN_UNDECLARED_SELECTOR = YES;
				GCC_WARN_UNINITIALIZED_AUTOS = YES_AGGRESSIVE;
				GCC_WARN_UNUSED_FUNCTION = YES;
				GCC_WARN_UNUSED_VARIABLE = YES;
				IPHONEOS_DEPLOYMENT_TARGET = 12.1;
				MTL_ENABLE_DEBUG_INFO = NO;
				MTL_FAST_MATH = YES;
				SDKROOT = iphoneos;
				SWIFT_COMPILATION_MODE = wholemodule;
				SWIFT_OPTIMIZATION_LEVEL = "-O";
				VALIDATE_PRODUCT = YES;
			};
			name = Release;
		};
		861EE74E223288E000FB57B3 /* Debug */ = {
			isa = XCBuildConfiguration;
			baseConfigurationReference = CDBB46C3E83F3A5F014BE4F2 /* Pods-mQoL Lab.debug.xcconfig */;
			buildSettings = {
				ASSETCATALOG_COMPILER_APPICON_NAME = AppIcon;
				CODE_SIGN_STYLE = Automatic;
				DEVELOPMENT_TEAM = 7MFXXYF5BX;
				INFOPLIST_FILE = "$(SRCROOT)/mQoL Lab/Info.plist";
				LD_RUNPATH_SEARCH_PATHS = (
					"$(inherited)",
					"@executable_path/Frameworks",
				);
				PRODUCT_BUNDLE_IDENTIFIER = "com.fbs.mQoL-Lab";
				PRODUCT_NAME = "$(TARGET_NAME)";
				SWIFT_VERSION = 5.0;
				TARGETED_DEVICE_FAMILY = "1,2";
			};
			name = Debug;
		};
		861EE74F223288E000FB57B3 /* Release */ = {
			isa = XCBuildConfiguration;
			baseConfigurationReference = A1DF7154F88C55FFF0699203 /* Pods-mQoL Lab.release.xcconfig */;
			buildSettings = {
				ASSETCATALOG_COMPILER_APPICON_NAME = AppIcon;
				CODE_SIGN_STYLE = Automatic;
				DEVELOPMENT_TEAM = 7MFXXYF5BX;
				INFOPLIST_FILE = "$(SRCROOT)/mQoL Lab/Info.plist";
				LD_RUNPATH_SEARCH_PATHS = (
					"$(inherited)",
					"@executable_path/Frameworks",
				);
				PRODUCT_BUNDLE_IDENTIFIER = "com.fbs.mQoL-Lab";
				PRODUCT_NAME = "$(TARGET_NAME)";
				SWIFT_VERSION = 5.0;
				TARGETED_DEVICE_FAMILY = "1,2";
			};
			name = Release;
		};
/* End XCBuildConfiguration section */

/* Begin XCConfigurationList section */
		861EE736223288DF00FB57B3 /* Build configuration list for PBXProject "mQoL Lab" */ = {
			isa = XCConfigurationList;
			buildConfigurations = (
				861EE74B223288E000FB57B3 /* Debug */,
				861EE74C223288E000FB57B3 /* Release */,
			);
			defaultConfigurationIsVisible = 0;
			defaultConfigurationName = Release;
		};
		861EE74D223288E000FB57B3 /* Build configuration list for PBXNativeTarget "mQoL Lab" */ = {
			isa = XCConfigurationList;
			buildConfigurations = (
				861EE74E223288E000FB57B3 /* Debug */,
				861EE74F223288E000FB57B3 /* Release */,
			);
			defaultConfigurationIsVisible = 0;
			defaultConfigurationName = Release;
		};
/* End XCConfigurationList section */
	};
	rootObject = 861EE733223288DF00FB57B3 /* Project object */;
}
